# This file is @generated by PDM.
# It is not intended for manual editing.

[metadata]
groups = ["default"]
strategy = ["inherit_metadata"]
lock_version = "4.5.0"
content_hash = "sha256:13b2a3ed9b219ed8a877d982451210824289a9a87e77c4e1c887e727b61ac43f"

[[metadata.targets]]
requires_python = ">=3.11,<3.12"

[[package]]
name = "cmeel"
version = "0.53.3"
requires_python = ">=3.8,<4.0"
summary = "Create Wheel from CMake projects"
groups = ["default"]
dependencies = [
    "tomli<3.0.0,>=2.0.1; python_version < \"3.11\"",
]
files = [
    {file = "cmeel-0.53.3-py3-none-any.whl", hash = "sha256:26472fa9d57610cc5cb2c2ed0911b272b928e9e580a9d3c51e3ca90a919f3fad"},
    {file = "cmeel-0.53.3.tar.gz", hash = "sha256:f40761e3b997910d5a3153a35d9635c3bc849fc21a79a8b57d67a3617006d359"},
]

[[package]]
name = "cmeel-assimp"
version = "5.3.1"
requires_python = ">= 3.8"
summary = "cmeel distribution for assimp, Open-Asset-Importer-Library Repository"
groups = ["default"]
dependencies = [
    "cmeel",
]
files = [
    {file = "cmeel_assimp-5.3.1-0-py3-none-macosx_12_0_arm64.whl", hash = "sha256:05ea5f78b4a9ea87fc5b102872962625c5e2b27bc3c30277efc3916905c477f6"},
    {file = "cmeel_assimp-5.3.1-0-py3-none-macosx_12_0_x86_64.whl", hash = "sha256:b3c0a07981403bd402728f1a2cd5524893f342bfef6d1db5ae34dcdb5f79d7e2"},
    {file = "cmeel_assimp-5.3.1-0-py3-none-manylinux_2_28_aarch64.whl", hash = "sha256:c33678fcd7b35d4bdc9ccaac8311c05aaa6cb475d63eca4f83cc91c34d71ce41"},
    {file = "cmeel_assimp-5.3.1-0-py3-none-manylinux_2_28_x86_64.whl", hash = "sha256:0bcb4f649377632698de7a8a56a6bb9772aff2cccd8532b796e223ccb1e579d6"},
    {file = "cmeel_assimp-5.3.1-0-py3-none-musllinux_1_1_x86_64.whl", hash = "sha256:360594e4c80d1dd9371db583856e815d9b990ebf205aea6392a15a8b5fb13b8c"},
    {file = "cmeel_assimp-5.3.1.tar.gz", hash = "sha256:b2da7360f5e865b92da53f3392582738de1ca25d5f4d7cbf953249c14c20a530"},
]

[[package]]
name = "cmeel-boost"
version = "1.83.0"
requires_python = ">= 3.8"
summary = "cmeel distribution for boost, which provides free peer-reviewed portable C++ source libraries."
groups = ["default"]
dependencies = [
    "cmeel",
    "numpy<1.25,>=1.23; python_version < \"3.9\"",
    "numpy~=1.26.0; python_version >= \"3.9\"",
]
files = [
    {file = "cmeel_boost-1.83.0-0-cp311-cp311-macosx_10_9_x86_64.whl", hash = "sha256:776aa2c403dcc8909550546505c8063c189a7e0577e477519462c6596fc85480"},
    {file = "cmeel_boost-1.83.0-0-cp311-cp311-macosx_11_0_arm64.whl", hash = "sha256:64f785085244b7ba15c511eb036b5edfb32fd2a933186d6ccf46dc38436c06fa"},
    {file = "cmeel_boost-1.83.0-0-cp311-cp311-manylinux_2_28_aarch64.whl", hash = "sha256:bf653000a94d1876210a2ab68010651358814234e64b6ed6852705b375284307"},
    {file = "cmeel_boost-1.83.0-0-cp311-cp311-manylinux_2_28_x86_64.whl", hash = "sha256:85d46fff2093bb5fe1576918dbf69cc0c3f1f0f87028353687ffd8d0b3491f73"},
    {file = "cmeel_boost-1.83.0-0-cp311-cp311-musllinux_1_1_aarch64.whl", hash = "sha256:7d16828ee42a1da24eb91635ecb6c62948fe3689780c3eab0dd1553b0a197554"},
    {file = "cmeel_boost-1.83.0-0-cp311-cp311-musllinux_1_1_x86_64.whl", hash = "sha256:48a1cd8150b8b605299f1a199a7ecb2d199be48e882144920ec418aba35e5fb1"},
    {file = "cmeel_boost-1.83.0.tar.gz", hash = "sha256:253da2e8bc52288ad1d225c1a07c93a85b60c638b24fcb7de934150908c6ec25"},
]

[[package]]
name = "cmeel-console-bridge"
version = "1.0.2.2"
requires_python = ">= 3.7"
summary = "cmeel distribution for console-bridge, A ROS-independent package for logging that seamlessly pipes into rosconsole/rosout for ROS-dependent packages."
groups = ["default"]
dependencies = [
    "cmeel",
]
files = [
    {file = "cmeel_console_bridge-1.0.2.2-0-py3-none-macosx_11_0_arm64.whl", hash = "sha256:16d97047ae4d732db0af48993b145bf11e6ef4d1579b29e3ed2f65ad4349d0f1"},
    {file = "cmeel_console_bridge-1.0.2.2-1-py3-none-macosx_11_0_arm64.whl", hash = "sha256:55b10444c7f09525e93f9db406020db56d08ed023a2eb27010077db476057d6b"},
    {file = "cmeel_console_bridge-1.0.2.2-1-py3-none-macosx_12_0_x86_64.whl", hash = "sha256:9326a6cf1a2eda3447ddfecae92769a15df0327803c34e148090d54c95d79871"},
    {file = "cmeel_console_bridge-1.0.2.2-1-py3-none-manylinux_2_28_aarch64.whl", hash = "sha256:ff004576e9877c4a7555aa1275e5c2cefef0a68f69f65669ff4da842bb2621bb"},
    {file = "cmeel_console_bridge-1.0.2.2-1-py3-none-manylinux_2_28_x86_64.whl", hash = "sha256:a2d992ee22b4671d9a695b1ac2aa738a862262f78fa393c38cbaad06d8205b89"},
    {file = "cmeel_console_bridge-1.0.2.2-1-py3-none-musllinux_1_1_x86_64.whl", hash = "sha256:d6dcc5f8eadf18cd3e3d6155ba4aadd9b45e791912659bc14e5efdda7b5c2af2"},
    {file = "cmeel_console_bridge-1.0.2.2-2-py3-none-macosx_12_0_arm64.whl", hash = "sha256:d5ccf73b733e480bf71d0430da9c569101f5019bb97abeb397d41515085b344c"},
    {file = "cmeel_console_bridge-1.0.2.2-2-py3-none-macosx_12_0_x86_64.whl", hash = "sha256:e2b4b33f6c81bb935315cd8b243dcad3b151bd6da47c6dc5f46d1facfaae4d7d"},
    {file = "cmeel_console_bridge-1.0.2.2-2-py3-none-manylinux_2_28_aarch64.whl", hash = "sha256:23cb0e37678a75778ba63444e598c41b4a694dab46037966357e81374bf4d182"},
    {file = "cmeel_console_bridge-1.0.2.2-2-py3-none-manylinux_2_28_x86_64.whl", hash = "sha256:5933c56b6d5f4c1d1642c8088ad2c01d31bd6ec6fa8c0d2cd1683791e8242f9a"},
    {file = "cmeel_console_bridge-1.0.2.2-2-py3-none-musllinux_1_1_x86_64.whl", hash = "sha256:375eb20ff3eb0bc7d7002e7a5b04cfdbb17ec9ed29b28e66bfe1644e9588a99c"},
    {file = "cmeel_console_bridge-1.0.2.2-3-py3-none-macosx_12_0_arm64.whl", hash = "sha256:b9a6e0e18221f18b9ac1855bd281277a3de7b85875b44e72dac1fe9ff0ae0924"},
    {file = "cmeel_console_bridge-1.0.2.2-3-py3-none-macosx_12_0_x86_64.whl", hash = "sha256:b68c2c02821133f9c9c11401c3c68aec145eb400bab493f1a0ffd26ef59f8bbf"},
    {file = "cmeel_console_bridge-1.0.2.2-3-py3-none-manylinux_2_28_aarch64.whl", hash = "sha256:cf21a07c86d30a77485a5db4d6629ea12b55f8733227a26f911b5f1cb1294ba9"},
    {file = "cmeel_console_bridge-1.0.2.2-3-py3-none-manylinux_2_28_x86_64.whl", hash = "sha256:773b5ced1e9e2caacfb402a8abc5d6377dfdd56fd26d0e046da5724f26acfe40"},
    {file = "cmeel_console_bridge-1.0.2.2-3-py3-none-musllinux_1_1_x86_64.whl", hash = "sha256:ba511d07bae34e07cc11146501b0e0cab23573c905888e1fe3f8688963a947be"},
    {file = "cmeel_console_bridge-1.0.2.2.tar.gz", hash = "sha256:7d472606e0535c61583cf23fc654149a8ab7cf5278502dce80cbacb8a7a0f395"},
]

[[package]]
name = "cmeel-octomap"
version = "1.9.8.2"
requires_python = ">= 3.7"
summary = "cmeel distribution for OctoMap, An Efficient Probabilistic 3D Mapping Framework Based on Octrees"
groups = ["default"]
dependencies = [
    "cmeel",
]
files = [
    {file = "cmeel_octomap-1.9.8.2-0-py3-none-macosx_11_0_arm64.whl", hash = "sha256:4d510a9d5766ef15af40e4e3943a5ee589ba0357cfe10b5a710e2f04b0b19f57"},
    {file = "cmeel_octomap-1.9.8.2-0-py3-none-macosx_12_0_x86_64.whl", hash = "sha256:21e4779766c9fa76e2cafa8c7f2a60712b0010523bfc8d51d7c8f4e2aff95267"},
    {file = "cmeel_octomap-1.9.8.2-0-py3-none-manylinux_2_28_aarch64.whl", hash = "sha256:0003eae2cd8ce1dee194a21350a9f6e9e0b3dec89a8a6f80ab4c6ff58986276d"},
    {file = "cmeel_octomap-1.9.8.2-0-py3-none-manylinux_2_28_x86_64.whl", hash = "sha256:f07ab209481ff5a9ad44d9d649bf3b04119e2947f9d52b16cf3e4408b7653e88"},
    {file = "cmeel_octomap-1.9.8.2-0-py3-none-musllinux_1_1_x86_64.whl", hash = "sha256:14adc8913cf44a5b570588926d84fff440733ad0d4b8ec781269137e277cfe18"},
    {file = "cmeel_octomap-1.9.8.2-1-py3-none-macosx_12_0_x86_64.whl", hash = "sha256:fce38aa60c22b77396678e8f9406b98475312851a96ebf6cd654d2d60a3aa73f"},
    {file = "cmeel_octomap-1.9.8.2-1-py3-none-manylinux_2_28_aarch64.whl", hash = "sha256:5c4671f89f1b1dd4a0e868d464ae218ad8c5fe8a120fd6b4bcfca64b4bcfc45d"},
    {file = "cmeel_octomap-1.9.8.2-1-py3-none-manylinux_2_28_x86_64.whl", hash = "sha256:8af40226c6c82d86630f8d3093d9b2405d0a4eed1adbd79fee4cc18e19d27f96"},
    {file = "cmeel_octomap-1.9.8.2-1-py3-none-musllinux_1_1_x86_64.whl", hash = "sha256:1477026e475da08e6a596ff640f787b445f6d61f27a2551d1a33ede1a52960e3"},
    {file = "cmeel_octomap-1.9.8.2-2-py3-none-macosx_12_0_arm64.whl", hash = "sha256:f053dd94c1c90b70cab3eb54906893222167272ba3d5f7f24a1713a9e014beca"},
    {file = "cmeel_octomap-1.9.8.2-2-py3-none-macosx_12_0_x86_64.whl", hash = "sha256:ca93c09b0fcd3a5830b1238235599adad22cce8630771b33bf318507ab564efc"},
    {file = "cmeel_octomap-1.9.8.2-2-py3-none-manylinux_2_28_aarch64.whl", hash = "sha256:175aa7e03c0d0e7beaa4fe4f7ea7c89e55165ddf7668c470687f369889c7481c"},
    {file = "cmeel_octomap-1.9.8.2-2-py3-none-manylinux_2_28_x86_64.whl", hash = "sha256:18886ebeb30e3355efef4321bee31f8eab93dfb4745aaf2ccd0e7effeab117cb"},
    {file = "cmeel_octomap-1.9.8.2-2-py3-none-musllinux_1_1_x86_64.whl", hash = "sha256:b5f986f3c6b18306769f441d7f1667023ac847bd79f90cab549596313b2bf780"},
    {file = "cmeel_octomap-1.9.8.2-3-py3-none-macosx_12_0_arm64.whl", hash = "sha256:f702f288d38393535f4680d7065bc518acc8fb8517f3f5eb875e4039ca36d632"},
    {file = "cmeel_octomap-1.9.8.2-3-py3-none-macosx_12_0_x86_64.whl", hash = "sha256:fef4af62fe3bcd386218e65017a7d30a755c2dc944d1e6f791ede73358bf8664"},
    {file = "cmeel_octomap-1.9.8.2-3-py3-none-manylinux_2_28_aarch64.whl", hash = "sha256:c0e083632db2a7133a8ed80da3db897339f43a92b397642fd7818f607cbf8d42"},
    {file = "cmeel_octomap-1.9.8.2-3-py3-none-manylinux_2_28_x86_64.whl", hash = "sha256:eebda85fd38f3f79030d7748483be765233148309fed7af9a1e523f184f4e98d"},
    {file = "cmeel_octomap-1.9.8.2-3-py3-none-musllinux_1_1_x86_64.whl", hash = "sha256:aa8810c4b8b2a0828de2ca2e3f983665ecdb6497c63a66721af5cad39d515f79"},
    {file = "cmeel_octomap-1.9.8.2.tar.gz", hash = "sha256:c569b276dc5c078c8f539f7736ccd02bfa84c8a4785c74e8543ade9920f0f93b"},
]

[[package]]
name = "cmeel-qhull"
version = "8.0.2.1"
requires_python = ">= 3.8"
summary = "cmeel distribution for qhull: Convex hull, Delaunay triangulation, Voronoi diagrams, Halfspace intersection"
groups = ["default"]
dependencies = [
    "cmeel",
]
files = [
    {file = "cmeel_qhull-8.0.2.1-0-py3-none-macosx_12_0_arm64.whl", hash = "sha256:39f5183a6e026754c3c043239bac005bf1825240d72e1d8fdf090a0f3ea27307"},
    {file = "cmeel_qhull-8.0.2.1-0-py3-none-macosx_12_0_x86_64.whl", hash = "sha256:f135c5a4f4c8ed53f061bc86b794aaca2c0c34761c9269c06b71329c9da56f82"},
    {file = "cmeel_qhull-8.0.2.1-0-py3-none-manylinux_2_28_aarch64.whl", hash = "sha256:17f519106df79aed9fc5ec92833d4958d132d23021f02a78a9564cdf83a36c7c"},
    {file = "cmeel_qhull-8.0.2.1-0-py3-none-manylinux_2_28_x86_64.whl", hash = "sha256:c513abafa40e2b8eb7cd3640e3f92d5391fbd6ec0f4182dbf9536934d8a8ea3e"},
    {file = "cmeel_qhull-8.0.2.1-0-py3-none-musllinux_1_1_x86_64.whl", hash = "sha256:20a69cb34b6250aee1f018412989734c9ddcad6ff66717a7c5516fc19f55d5ff"},
    {file = "cmeel_qhull-8.0.2.1.tar.gz", hash = "sha256:68e8d41d95f61830f2d460af1e4d760f0dbe4d46413d7c736f0ed701153ebe52"},
]

[[package]]
name = "cmeel-tinyxml"
version = "2.6.2.3"
requires_python = ">= 3.8"
summary = "cmeel distribution for TinyXML, an obsolete thing."
groups = ["default"]
dependencies = [
    "cmeel",
]
files = [
    {file = "cmeel_tinyxml-2.6.2.3-0-py3-none-macosx_12_0_arm64.whl", hash = "sha256:7fdf4df7abbb2a6bd48cddf2c103477110eb48caed92d4a4d8ac98c75ee53c89"},
    {file = "cmeel_tinyxml-2.6.2.3-0-py3-none-macosx_12_0_x86_64.whl", hash = "sha256:e69044b68d1f9c2597169a4099ae95a2e33cdbf98b5061c3ffafad4b9eed9c27"},
    {file = "cmeel_tinyxml-2.6.2.3-0-py3-none-manylinux_2_28_aarch64.whl", hash = "sha256:ecb6107a6777b5bc0339b8f7fb4a76c95958648382244ac44e278a3a05db37df"},
    {file = "cmeel_tinyxml-2.6.2.3-0-py3-none-manylinux_2_28_x86_64.whl", hash = "sha256:fe4bddefce9832c2c5f6e75c1d8af2b8282127180eb3f2aecbd02f5f152bad94"},
    {file = "cmeel_tinyxml-2.6.2.3-0-py3-none-musllinux_1_1_x86_64.whl", hash = "sha256:fe088221f78ad7d35fbeb828ecb17709d20f60b68c0dcfef6f7d86ec6a57ee9b"},
    {file = "cmeel_tinyxml-2.6.2.3.tar.gz", hash = "sha256:7404308e7a578df4d480223fbe4ff867563e267ef69c95d65b6dd28e42661ef2"},
]

[[package]]
name = "cmeel-urdfdom"
version = "3.1.1.1"
requires_python = ">= 3.8"
summary = "cmeel distribution for urdfdom, URDF parser"
groups = ["default"]
dependencies = [
    "cmeel",
    "cmeel-console-bridge",
    "cmeel-tinyxml",
]
files = [
    {file = "cmeel_urdfdom-3.1.1.1-0-py3-none-macosx_12_0_arm64.whl", hash = "sha256:354a44dce4692d19af61487ced4ee279b06fcc34fad8184c404ce91c41c73b67"},
    {file = "cmeel_urdfdom-3.1.1.1-0-py3-none-macosx_12_0_x86_64.whl", hash = "sha256:7b4386a2d8db65208fd722cc11959bd5f42dd19b0c2caba361e315517d6513ab"},
    {file = "cmeel_urdfdom-3.1.1.1-0-py3-none-manylinux_2_28_aarch64.whl", hash = "sha256:42faf8a6e7437a7c03e38dad07a65cace8bf77aa594acc58f87726178802771d"},
    {file = "cmeel_urdfdom-3.1.1.1-0-py3-none-manylinux_2_28_x86_64.whl", hash = "sha256:83eafe0e494cd285b3a57805c72b12500d906586ff93a57a03d09a87d25ec62d"},
    {file = "cmeel_urdfdom-3.1.1.1-0-py3-none-musllinux_1_1_x86_64.whl", hash = "sha256:646dde19c61029ef1ccd9be39b301a6d0642516a159a2bbd9441a9590d3c97f4"},
    {file = "cmeel_urdfdom-3.1.1.1.tar.gz", hash = "sha256:c37c2c4627593e8a6955421d83e3c4d592d6a18276ecefed95eefad0cd82251f"},
]

[[package]]
name = "eigenpy"
version = "3.5.1"
requires_python = ">=3.8"
summary = "Bindings between Numpy and Eigen using Boost.Python"
groups = ["default"]
dependencies = [
    "cmeel",
    "cmeel-boost~=1.83.0",
]
files = [
    {file = "eigenpy-3.5.1-0-cp311-cp311-macosx_10_9_x86_64.whl", hash = "sha256:b9afcc6ba6ea6c48e3574d5b3cd141884f1423a288b7c51af5b2ae3d2b92223a"},
    {file = "eigenpy-3.5.1-0-cp311-cp311-manylinux_2_28_aarch64.whl", hash = "sha256:c1e1060c36bec044f60077caaba8839bed43bf3cdf29f23db453d30b2f8b0e9e"},
    {file = "eigenpy-3.5.1-0-cp311-cp311-manylinux_2_28_x86_64.whl", hash = "sha256:13a93c75609655dbda8f9cc31eb55bd3dcfa2452ba9d6b98028a2092fbf20200"},
    {file = "eigenpy-3.5.1-0-cp311-cp311-musllinux_1_1_x86_64.whl", hash = "sha256:660e820a4a14d7cde75952e3a8d12131f7686ff040327d5b0fb7e1b5d4328f3b"},
    {file = "eigenpy-3.5.1-3-cp311-cp311-macosx_11_0_arm64.whl", hash = "sha256:7f8674e57d1947c8394bbcebb8bb52ac3c97048dfcf298dd4075e5ef599331c8"},
    {file = "eigenpy-3.5.1.tar.gz", hash = "sha256:85289cc71bddebfca5ecec9e6519ba3b114f07bc9900bc842d2bb7a1d4128f2f"},
]

[[package]]
name = "freetype-py"
version = "2.5.1"
requires_python = ">=3.7"
summary = "Freetype python bindings"
groups = ["default"]
files = [
    {file = "freetype-py-2.5.1.zip", hash = "sha256:cfe2686a174d0dd3d71a9d8ee9bf6a2c23f5872385cf8ce9f24af83d076e2fbd"},
    {file = "freetype_py-2.5.1-py3-none-macosx_10_9_universal2.whl", hash = "sha256:d01ded2557694f06aa0413f3400c0c0b2b5ebcaabeef7aaf3d756be44f51e90b"},
    {file = "freetype_py-2.5.1-py3-none-manylinux_2_17_aarch64.manylinux2014_aarch64.whl", hash = "sha256:5d2f6b3d68496797da23204b3b9c4e77e67559c80390fc0dc8b3f454ae1cd819"},
    {file = "freetype_py-2.5.1-py3-none-manylinux_2_5_x86_64.manylinux1_x86_64.manylinux_2_12_x86_64.manylinux2010_x86_64.whl", hash = "sha256:289b443547e03a4f85302e3ac91376838e0d11636050166662a4f75e3087ed0b"},
    {file = "freetype_py-2.5.1-py3-none-musllinux_1_1_aarch64.whl", hash = "sha256:cd3bfdbb7e1a84818cfbc8025fca3096f4f2afcd5d4641184bf0a3a2e6f97bbf"},
    {file = "freetype_py-2.5.1-py3-none-musllinux_1_1_x86_64.whl", hash = "sha256:3c1aefc4f0d5b7425f014daccc5fdc7c6f914fb7d6a695cc684f1c09cd8c1660"},
    {file = "freetype_py-2.5.1-py3-none-win_amd64.whl", hash = "sha256:0b7f8e0342779f65ca13ef8bc103938366fecade23e6bb37cb671c2b8ad7f124"},
]

[[package]]
name = "hpp-fcl"
version = "2.4.4"
requires_python = ">=3.8"
summary = "An extension of the Flexible Collision Library"
groups = ["default"]
dependencies = [
    "cmeel",
    "cmeel-assimp<6,>=5.3.1",
    "cmeel-boost~=1.83.0",
    "cmeel-octomap<2,>=1.9.8.2",
    "cmeel-qhull<8.0.3,>=8.0.2.1",
    "eigenpy<4,>=3.1",
]
files = [
    {file = "hpp_fcl-2.4.4-1-cp311-cp311-macosx_10_9_x86_64.whl", hash = "sha256:01fb3cba6e500a8dc5939ce0341c80fea6a0532ed82138f794c5974c6aae7247"},
    {file = "hpp_fcl-2.4.4-1-cp311-cp311-manylinux_2_28_aarch64.whl", hash = "sha256:7b2f9051a97d3faaff4ff255480d3040b2d83c11500f1e78facb8071300364c3"},
    {file = "hpp_fcl-2.4.4-1-cp311-cp311-manylinux_2_28_x86_64.whl", hash = "sha256:04a77ba5978e898c31ed93a8970508f42b2a86b3c0dd5f43e592b1c234a86b16"},
    {file = "hpp_fcl-2.4.4-1-cp311-cp311-musllinux_1_1_x86_64.whl", hash = "sha256:5a6ba03a67066fc54640768ee9661767da1b606eaf98d19bd0541a13fd037303"},
    {file = "hpp_fcl-2.4.4-2-cp311-cp311-macosx_10_9_x86_64.whl", hash = "sha256:b9465cc822c58cca026e9ba59e5ac17c207d31b2d363c0a83caaafd9854c4f78"},
    {file = "hpp_fcl-2.4.4-2-cp311-cp311-manylinux_2_28_aarch64.whl", hash = "sha256:9d00f2682a5d1a4fef6d703be05ce0e1082ba23ab22ef9651c81a1616465ce87"},
    {file = "hpp_fcl-2.4.4-2-cp311-cp311-manylinux_2_28_x86_64.whl", hash = "sha256:af8076586a604e8dad8e8804558065044579798a6f9903d5daee406a1c92a5dc"},
    {file = "hpp_fcl-2.4.4-2-cp311-cp311-musllinux_1_1_x86_64.whl", hash = "sha256:d1856ff2319c8a89a4f4decee7a60779290bf7fbf62d64db6813c17c837eaef4"},
    {file = "hpp_fcl-2.4.4-3-cp311-cp311-macosx_10_9_x86_64.whl", hash = "sha256:47fb9958a9b97e82aaafa4dc4db683d0d2609c53e3fab414097ae63d89c582df"},
    {file = "hpp_fcl-2.4.4-3-cp311-cp311-macosx_11_0_arm64.whl", hash = "sha256:691173396f6f9aa34ca9196ff52606041889ef6635fd7adc7f18149c4d29dff0"},
    {file = "hpp_fcl-2.4.4-3-cp311-cp311-manylinux_2_28_aarch64.whl", hash = "sha256:219e4ab96498ce73507cfdf35c17c8b7ab2c0f3c26d26233234c31643e4d224d"},
    {file = "hpp_fcl-2.4.4-3-cp311-cp311-manylinux_2_28_x86_64.whl", hash = "sha256:47d5b770ea0bcc1848980f08069c660bbd9beb680fd23dc20fa5f6f6133ae357"},
    {file = "hpp_fcl-2.4.4-3-cp311-cp311-musllinux_1_1_x86_64.whl", hash = "sha256:d22ba4104b39ba2b95df61673f10d05274108feb532c988dd0b152fadc3639b9"},
    {file = "hpp_fcl-2.4.4.tar.gz", hash = "sha256:4b59340b60573de082e722c2064c87759825039e8779049d5074d026881c4887"},
]

[[package]]
name = "imageio"
version = "2.36.0"
requires_python = ">=3.9"
summary = "Library for reading and writing a wide range of image, video, scientific, and volumetric data formats."
groups = ["default"]
dependencies = [
    "numpy",
    "pillow>=8.3.2",
]
files = [
    {file = "imageio-2.36.0-py3-none-any.whl", hash = "sha256:471f1eda55618ee44a3c9960911c35e647d9284c68f077e868df633398f137f0"},
    {file = "imageio-2.36.0.tar.gz", hash = "sha256:1c8f294db862c256e9562354d65aa54725b8dafed7f10f02bb3ec20ec1678850"},
]

[[package]]
name = "networkx"
version = "3.4.2"
requires_python = ">=3.10"
summary = "Python package for creating and manipulating graphs and networks"
groups = ["default"]
files = [
    {file = "networkx-3.4.2-py3-none-any.whl", hash = "sha256:df5d4365b724cf81b8c6a7312509d0c22386097011ad1abe274afd5e9d3bbc5f"},
    {file = "networkx-3.4.2.tar.gz", hash = "sha256:307c3669428c5362aab27c8a1260aa8f47c4e91d3891f48be0141738d8d053e1"},
]

[[package]]
name = "numpy"
version = "1.26.4"
requires_python = ">=3.9"
summary = "Fundamental package for array computing in Python"
groups = ["default"]
files = [
    {file = "numpy-1.26.4-cp311-cp311-macosx_10_9_x86_64.whl", hash = "sha256:4c66707fabe114439db9068ee468c26bbdf909cac0fb58686a42a24de1760c71"},
    {file = "numpy-1.26.4-cp311-cp311-macosx_11_0_arm64.whl", hash = "sha256:edd8b5fe47dab091176d21bb6de568acdd906d1887a4584a15a9a96a1dca06ef"},
    {file = "numpy-1.26.4-cp311-cp311-manylinux_2_17_aarch64.manylinux2014_aarch64.whl", hash = "sha256:7ab55401287bfec946ced39700c053796e7cc0e3acbef09993a9ad2adba6ca6e"},
    {file = "numpy-1.26.4-cp311-cp311-manylinux_2_17_x86_64.manylinux2014_x86_64.whl", hash = "sha256:666dbfb6ec68962c033a450943ded891bed2d54e6755e35e5835d63f4f6931d5"},
    {file = "numpy-1.26.4-cp311-cp311-musllinux_1_1_aarch64.whl", hash = "sha256:96ff0b2ad353d8f990b63294c8986f1ec3cb19d749234014f4e7eb0112ceba5a"},
    {file = "numpy-1.26.4-cp311-cp311-musllinux_1_1_x86_64.whl", hash = "sha256:60dedbb91afcbfdc9bc0b1f3f402804070deed7392c23eb7a7f07fa857868e8a"},
    {file = "numpy-1.26.4-cp311-cp311-win32.whl", hash = "sha256:1af303d6b2210eb850fcf03064d364652b7120803a0b872f5211f5234b399f20"},
    {file = "numpy-1.26.4-cp311-cp311-win_amd64.whl", hash = "sha256:cd25bcecc4974d09257ffcd1f098ee778f7834c3ad767fe5db785be9a4aa9cb2"},
    {file = "numpy-1.26.4.tar.gz", hash = "sha256:2a02aba9ed12e4ac4eb3ea9421c420301a0c6460d9830d74a9df87efa4912010"},
]

[[package]]
name = "opencv-python"
version = "4.10.0.84"
requires_python = ">=3.6"
summary = "Wrapper package for OpenCV python bindings."
groups = ["default"]
dependencies = [
    "numpy>=1.13.3; python_version < \"3.7\"",
    "numpy>=1.17.0; python_version >= \"3.7\"",
    "numpy>=1.17.3; python_version >= \"3.8\"",
    "numpy>=1.19.3; python_version >= \"3.6\" and platform_system == \"Linux\" and platform_machine == \"aarch64\"",
    "numpy>=1.19.3; python_version >= \"3.9\"",
    "numpy>=1.21.0; python_version <= \"3.9\" and platform_system == \"Darwin\" and platform_machine == \"arm64\"",
    "numpy>=1.21.2; python_version >= \"3.10\"",
    "numpy>=1.21.4; python_version >= \"3.10\" and platform_system == \"Darwin\"",
    "numpy>=1.23.5; python_version >= \"3.11\"",
    "numpy>=1.26.0; python_version >= \"3.12\"",
]
files = [
    {file = "opencv-python-4.10.0.84.tar.gz", hash = "sha256:72d234e4582e9658ffea8e9cae5b63d488ad06994ef12d81dc303b17472f3526"},
    {file = "opencv_python-4.10.0.84-cp37-abi3-macosx_11_0_arm64.whl", hash = "sha256:fc182f8f4cda51b45f01c64e4cbedfc2f00aff799debebc305d8d0210c43f251"},
    {file = "opencv_python-4.10.0.84-cp37-abi3-macosx_12_0_x86_64.whl", hash = "sha256:71e575744f1d23f79741450254660442785f45a0797212852ee5199ef12eed98"},
    {file = "opencv_python-4.10.0.84-cp37-abi3-manylinux_2_17_aarch64.manylinux2014_aarch64.whl", hash = "sha256:09a332b50488e2dda866a6c5573ee192fe3583239fb26ff2f7f9ceb0bc119ea6"},
    {file = "opencv_python-4.10.0.84-cp37-abi3-manylinux_2_17_x86_64.manylinux2014_x86_64.whl", hash = "sha256:9ace140fc6d647fbe1c692bcb2abce768973491222c067c131d80957c595b71f"},
    {file = "opencv_python-4.10.0.84-cp37-abi3-win32.whl", hash = "sha256:2db02bb7e50b703f0a2d50c50ced72e95c574e1e5a0bb35a8a86d0b35c98c236"},
    {file = "opencv_python-4.10.0.84-cp37-abi3-win_amd64.whl", hash = "sha256:32dbbd94c26f611dc5cc6979e6b7aa1f55a64d6b463cc1dcd3c95505a63e48fe"},
]

[[package]]
name = "pillow"
version = "11.0.0"
requires_python = ">=3.9"
summary = "Python Imaging Library (Fork)"
groups = ["default"]
files = [
    {file = "pillow-11.0.0-cp311-cp311-macosx_10_10_x86_64.whl", hash = "sha256:1c1d72714f429a521d8d2d018badc42414c3077eb187a59579f28e4270b4b0fc"},
    {file = "pillow-11.0.0-cp311-cp311-macosx_11_0_arm64.whl", hash = "sha256:499c3a1b0d6fc8213519e193796eb1a86a1be4b1877d678b30f83fd979811d1a"},
    {file = "pillow-11.0.0-cp311-cp311-manylinux_2_17_aarch64.manylinux2014_aarch64.whl", hash = "sha256:c8b2351c85d855293a299038e1f89db92a2f35e8d2f783489c6f0b2b5f3fe8a3"},
    {file = "pillow-11.0.0-cp311-cp311-manylinux_2_17_x86_64.manylinux2014_x86_64.whl", hash = "sha256:6f4dba50cfa56f910241eb7f883c20f1e7b1d8f7d91c750cd0b318bad443f4d5"},
    {file = "pillow-11.0.0-cp311-cp311-manylinux_2_28_aarch64.whl", hash = "sha256:5ddbfd761ee00c12ee1be86c9c0683ecf5bb14c9772ddbd782085779a63dd55b"},
    {file = "pillow-11.0.0-cp311-cp311-manylinux_2_28_x86_64.whl", hash = "sha256:45c566eb10b8967d71bf1ab8e4a525e5a93519e29ea071459ce517f6b903d7fa"},
    {file = "pillow-11.0.0-cp311-cp311-musllinux_1_2_aarch64.whl", hash = "sha256:b4fd7bd29610a83a8c9b564d457cf5bd92b4e11e79a4ee4716a63c959699b306"},
    {file = "pillow-11.0.0-cp311-cp311-musllinux_1_2_x86_64.whl", hash = "sha256:cb929ca942d0ec4fac404cbf520ee6cac37bf35be479b970c4ffadf2b6a1cad9"},
    {file = "pillow-11.0.0-cp311-cp311-win32.whl", hash = "sha256:006bcdd307cc47ba43e924099a038cbf9591062e6c50e570819743f5607404f5"},
    {file = "pillow-11.0.0-cp311-cp311-win_amd64.whl", hash = "sha256:52a2d8323a465f84faaba5236567d212c3668f2ab53e1c74c15583cf507a0291"},
    {file = "pillow-11.0.0-cp311-cp311-win_arm64.whl", hash = "sha256:16095692a253047fe3ec028e951fa4221a1f3ed3d80c397e83541a3037ff67c9"},
    {file = "pillow-11.0.0.tar.gz", hash = "sha256:72bacbaf24ac003fea9bff9837d1eedb6088758d41e100c1552930151f677739"},
]

[[package]]
name = "pin"
version = "2.7.0"
requires_python = ">=3.8"
summary = "A fast and flexible implementation of Rigid Body Dynamics algorithms and their analytical derivatives"
groups = ["default"]
dependencies = [
    "cmeel",
    "cmeel-boost~=1.83.0",
    "cmeel-urdfdom<4,>=3.1.1.1",
    "hpp-fcl<4,>=2.3.4",
]
files = [
    {file = "pin-2.7.0-2-cp311-cp311-macosx_10_9_x86_64.whl", hash = "sha256:cb60ca860bf8ea7918010af1bd4f875a54eda79d6016ffdcfcdef5d7e3da6304"},
    {file = "pin-2.7.0-2-cp311-cp311-manylinux_2_28_aarch64.whl", hash = "sha256:d5636c0318741dbfebc2348c122a0bd906df8a35eb2a0139980e22315471dbc7"},
    {file = "pin-2.7.0-2-cp311-cp311-manylinux_2_28_x86_64.whl", hash = "sha256:d84817ad5f5b52cfe675d4d953ae01ca1034b0d30d300a4f088b4b591819252b"},
    {file = "pin-2.7.0-2-cp311-cp311-musllinux_1_1_x86_64.whl", hash = "sha256:af922fb2764f2bbeac68e0d9aba690aaee6969fede560964b1f990722e612a6d"},
    {file = "pin-2.7.0-4-cp311-cp311-macosx_11_0_arm64.whl", hash = "sha256:097396f996f1e20af5f01aeda8dc5b770edb309618cff5451efa4371b2e1ed80"},
    {file = "pin-2.7.0.tar.gz", hash = "sha256:4903821a466eb8fc7f2350ce0c5f84943e8c391ebc2977898bbb154dcdf01747"},
]

[[package]]
name = "pyglet"
version = "2.0.18"
requires_python = ">=3.8"
summary = "pyglet is a cross-platform games and multimedia package."
groups = ["default"]
files = [
    {file = "pyglet-2.0.18-py3-none-any.whl", hash = "sha256:e592952ae0297e456c587b6486ed8c3e5f9d0c3519d517bb92dde5fdf4c26b41"},
    {file = "pyglet-2.0.18.tar.gz", hash = "sha256:7cf9238d70082a2da282759679f8a011cc979753a32224a8ead8ed80e48f99dc"},
]

[[package]]
name = "pyopengl"
version = "3.1.0"
summary = "Standard OpenGL bindings for Python"
groups = ["default"]
files = [
    {file = "PyOpenGL-3.1.0.tar.gz", hash = "sha256:9b47c5c3a094fa518ca88aeed35ae75834d53e4285512c61879f67a48c94ddaf"},
    {file = "PyOpenGL-3.1.0.zip", hash = "sha256:efa4e39a49b906ccbe66758812ca81ced13a6f26931ab2ba2dba2750c016c0d0"},
]

[[package]]
name = "pyrender"
version = "0.1.45"
summary = "Easy-to-use Python renderer for 3D visualization"
groups = ["default"]
dependencies = [
    "Pillow",
    "PyOpenGL==3.1.0",
    "freetype-py",
    "imageio",
    "networkx",
    "numpy",
    "pyglet>=1.4.10",
    "scipy",
    "six",
    "trimesh",
]
files = [
    {file = "pyrender-0.1.45-py3-none-any.whl", hash = "sha256:5cf751d1f21fba4640e830cef3a0b5a95ed0f05677bf92c6b8330056b4023aeb"},
    {file = "pyrender-0.1.45.tar.gz", hash = "sha256:284b2432bf6832f05c5216c4b979ceb514ea78163bf53b8ce2bdf0069cb3b92e"},
]

[[package]]
name = "scipy"
version = "1.14.1"
requires_python = ">=3.10"
summary = "Fundamental algorithms for scientific computing in Python"
groups = ["default"]
dependencies = [
    "numpy<2.3,>=1.23.5",
]
files = [
    {file = "scipy-1.14.1-cp311-cp311-macosx_10_13_x86_64.whl", hash = "sha256:2da0469a4ef0ecd3693761acbdc20f2fdeafb69e6819cc081308cc978153c675"},
    {file = "scipy-1.14.1-cp311-cp311-macosx_12_0_arm64.whl", hash = "sha256:c0ee987efa6737242745f347835da2cc5bb9f1b42996a4d97d5c7ff7928cb6f2"},
    {file = "scipy-1.14.1-cp311-cp311-macosx_14_0_arm64.whl", hash = "sha256:3a1b111fac6baec1c1d92f27e76511c9e7218f1695d61b59e05e0fe04dc59617"},
    {file = "scipy-1.14.1-cp311-cp311-macosx_14_0_x86_64.whl", hash = "sha256:8475230e55549ab3f207bff11ebfc91c805dc3463ef62eda3ccf593254524ce8"},
    {file = "scipy-1.14.1-cp311-cp311-manylinux_2_17_aarch64.manylinux2014_aarch64.whl", hash = "sha256:278266012eb69f4a720827bdd2dc54b2271c97d84255b2faaa8f161a158c3b37"},
    {file = "scipy-1.14.1-cp311-cp311-manylinux_2_17_x86_64.manylinux2014_x86_64.whl", hash = "sha256:fef8c87f8abfb884dac04e97824b61299880c43f4ce675dd2cbeadd3c9b466d2"},
    {file = "scipy-1.14.1-cp311-cp311-musllinux_1_2_x86_64.whl", hash = "sha256:b05d43735bb2f07d689f56f7b474788a13ed8adc484a85aa65c0fd931cf9ccd2"},
    {file = "scipy-1.14.1-cp311-cp311-win_amd64.whl", hash = "sha256:716e389b694c4bb564b4fc0c51bc84d381735e0d39d3f26ec1af2556ec6aad94"},
    {file = "scipy-1.14.1.tar.gz", hash = "sha256:5a275584e726026a5699459aa72f828a610821006228e841b94275c4a7c08417"},
]

[[package]]
name = "six"
version = "1.16.0"
requires_python = ">=2.7, !=3.0.*, !=3.1.*, !=3.2.*"
summary = "Python 2 and 3 compatibility utilities"
groups = ["default"]
files = [
    {file = "six-1.16.0-py2.py3-none-any.whl", hash = "sha256:8abb2f1d86890a2dfb989f9a77cfcfd3e47c2a354b01111771326f8aa26e0254"},
    {file = "six-1.16.0.tar.gz", hash = "sha256:1e61c37477a1626458e36f7b1d82aa5c9b094fa4802892072e49de9c60c4c926"},
]

[[package]]
name = "trimesh"
version = "4.5.2"
requires_python = ">=3.8"
summary = "Import, export, process, analyze and view triangular meshes."
groups = ["default"]
dependencies = [
    "numpy>=1.20",
]
files = [
    {file = "trimesh-4.5.2-py3-none-any.whl", hash = "sha256:2e50f3a7fd135c3045da887a1b9f91230528f3ce11d2ec1ba44750d82d6b4f73"},
    {file = "trimesh-4.5.2.tar.gz", hash = "sha256:165b12f2898c3e8dec99a2ed05ec5c83eafa2fc8150ba8c30f8b3a62f693433f"},
]
